// !$*UTF8*$!
{
	archiveVersion = 1;
	classes = {
	};
	objectVersion = 56;
	objects = {

/* Begin PBXBuildFile section */
		4B47439D2BEA2DD700DE5091 /* AppDelegate.swift in Sources */ = {isa = PBXBuildFile; fileRef = 4B47439C2BEA2DD700DE5091 /* AppDelegate.swift */; };
		4B47439F2BEA2DD700DE5091 /* SceneDelegate.swift in Sources */ = {isa = PBXBuildFile; fileRef = 4B47439E2BEA2DD700DE5091 /* SceneDelegate.swift */; };
		4B4743A12BEA2DD700DE5091 /* ViewController.swift in Sources */ = {isa = PBXBuildFile; fileRef = 4B4743A02BEA2DD700DE5091 /* ViewController.swift */; };
		4B4743A42BEA2DD700DE5091 /* Base in Resources */ = {isa = PBXBuildFile; fileRef = 4B4743A32BEA2DD700DE5091 /* Base */; };
		4B4743A62BEA2DD900DE5091 /* Assets.xcassets in Resources */ = {isa = PBXBuildFile; fileRef = 4B4743A52BEA2DD900DE5091 /* Assets.xcassets */; };
		4B4743A92BEA2DD900DE5091 /* Base in Resources */ = {isa = PBXBuildFile; fileRef = 4B4743A82BEA2DD900DE5091 /* Base */; };
		4B4743B42BEA2DD900DE5091 /* MarsRoverTests.swift in Sources */ = {isa = PBXBuildFile; fileRef = 4B4743B32BEA2DD900DE5091 /* MarsRoverTests.swift */; };
		4B4743BE2BEA2DD900DE5091 /* MarsRoverUITests.swift in Sources */ = {isa = PBXBuildFile; fileRef = 4B4743BD2BEA2DD900DE5091 /* MarsRoverUITests.swift */; };
		4B4743C02BEA2DD900DE5091 /* MarsRoverUITestsLaunchTests.swift in Sources */ = {isa = PBXBuildFile; fileRef = 4B4743BF2BEA2DD900DE5091 /* MarsRoverUITestsLaunchTests.swift */; };
		4B4743CD2BEA3BF600DE5091 /* MarsRover.swift in Sources */ = {isa = PBXBuildFile; fileRef = 4B4743CC2BEA3BF600DE5091 /* MarsRover.swift */; };
		4B4743CF2BEA4AD600DE5091 /* Mars.swift in Sources */ = {isa = PBXBuildFile; fileRef = 4B4743CE2BEA4AD500DE5091 /* Mars.swift */; };
		4B4743D12BEA4FA700DE5091 /* Direction.swift in Sources */ = {isa = PBXBuildFile; fileRef = 4B4743D02BEA4FA700DE5091 /* Direction.swift */; };
/* End PBXBuildFile section */

/* Begin PBXContainerItemProxy section */
		4B4743B02BEA2DD900DE5091 /* PBXContainerItemProxy */ = {
			isa = PBXContainerItemProxy;
			containerPortal = 4B4743912BEA2DD700DE5091 /* Project object */;
			proxyType = 1;
			remoteGlobalIDString = 4B4743982BEA2DD700DE5091;
			remoteInfo = MarsRover;
		};
		4B4743BA2BEA2DD900DE5091 /* PBXContainerItemProxy */ = {
			isa = PBXContainerItemProxy;
			containerPortal = 4B4743912BEA2DD700DE5091 /* Project object */;
			proxyType = 1;
			remoteGlobalIDString = 4B4743982BEA2DD700DE5091;
			remoteInfo = MarsRover;
		};
/* End PBXContainerItemProxy section */

/* Begin PBXFileReference section */
		4B4743992BEA2DD700DE5091 /* MarsRover.app */ = {isa = PBXFileReference; explicitFileType = wrapper.application; includeInIndex = 0; path = MarsRover.app; sourceTree = BUILT_PRODUCTS_DIR; };
		4B47439C2BEA2DD700DE5091 /* AppDelegate.swift */ = {isa = PBXFileReference; lastKnownFileType = sourcecode.swift; path = AppDelegate.swift; sourceTree = "<group>"; };
		4B47439E2BEA2DD700DE5091 /* SceneDelegate.swift */ = {isa = PBXFileReference; lastKnownFileType = sourcecode.swift; path = SceneDelegate.swift; sourceTree = "<group>"; };
		4B4743A02BEA2DD700DE5091 /* ViewController.swift */ = {isa = PBXFileReference; lastKnownFileType = sourcecode.swift; path = ViewController.swift; sourceTree = "<group>"; };
		4B4743A32BEA2DD700DE5091 /* Base */ = {isa = PBXFileReference; lastKnownFileType = file.storyboard; name = Base; path = Base.lproj/Main.storyboard; sourceTree = "<group>"; };
		4B4743A52BEA2DD900DE5091 /* Assets.xcassets */ = {isa = PBXFileReference; lastKnownFileType = folder.assetcatalog; path = Assets.xcassets; sourceTree = "<group>"; };
		4B4743A82BEA2DD900DE5091 /* Base */ = {isa = PBXFileReference; lastKnownFileType = file.storyboard; name = Base; path = Base.lproj/LaunchScreen.storyboard; sourceTree = "<group>"; };
		4B4743AA2BEA2DD900DE5091 /* Info.plist */ = {isa = PBXFileReference; lastKnownFileType = text.plist.xml; path = Info.plist; sourceTree = "<group>"; };
		4B4743AF2BEA2DD900DE5091 /* MarsRoverTests.xctest */ = {isa = PBXFileReference; explicitFileType = wrapper.cfbundle; includeInIndex = 0; path = MarsRoverTests.xctest; sourceTree = BUILT_PRODUCTS_DIR; };
		4B4743B32BEA2DD900DE5091 /* MarsRoverTests.swift */ = {isa = PBXFileReference; lastKnownFileType = sourcecode.swift; path = MarsRoverTests.swift; sourceTree = "<group>"; };
		4B4743B92BEA2DD900DE5091 /* MarsRoverUITests.xctest */ = {isa = PBXFileReference; explicitFileType = wrapper.cfbundle; includeInIndex = 0; path = MarsRoverUITests.xctest; sourceTree = BUILT_PRODUCTS_DIR; };
		4B4743BD2BEA2DD900DE5091 /* MarsRoverUITests.swift */ = {isa = PBXFileReference; lastKnownFileType = sourcecode.swift; path = MarsRoverUITests.swift; sourceTree = "<group>"; };
		4B4743BF2BEA2DD900DE5091 /* MarsRoverUITestsLaunchTests.swift */ = {isa = PBXFileReference; lastKnownFileType = sourcecode.swift; path = MarsRoverUITestsLaunchTests.swift; sourceTree = "<group>"; };
		4B4743CC2BEA3BF600DE5091 /* MarsRover.swift */ = {isa = PBXFileReference; lastKnownFileType = sourcecode.swift; path = MarsRover.swift; sourceTree = SOURCE_ROOT; };
		4B4743CE2BEA4AD500DE5091 /* Mars.swift */ = {isa = PBXFileReference; lastKnownFileType = sourcecode.swift; path = Mars.swift; sourceTree = "<group>"; };
		4B4743D02BEA4FA700DE5091 /* Direction.swift */ = {isa = PBXFileReference; lastKnownFileType = sourcecode.swift; path = Direction.swift; sourceTree = "<group>"; };
/* End PBXFileReference section */

/* Begin PBXFrameworksBuildPhase section */
		4B4743962BEA2DD700DE5091 /* Frameworks */ = {
			isa = PBXFrameworksBuildPhase;
			buildActionMask = 2147483647;
			files = (
			);
			runOnlyForDeploymentPostprocessing = 0;
		};
		4B4743AC2BEA2DD900DE5091 /* Frameworks */ = {
			isa = PBXFrameworksBuildPhase;
			buildActionMask = 2147483647;
			files = (
			);
			runOnlyForDeploymentPostprocessing = 0;
		};
		4B4743B62BEA2DD900DE5091 /* Frameworks */ = {
			isa = PBXFrameworksBuildPhase;
			buildActionMask = 2147483647;
			files = (
			);
			runOnlyForDeploymentPostprocessing = 0;
		};
/* End PBXFrameworksBuildPhase section */

/* Begin PBXGroup section */
		4B4743902BEA2DD700DE5091 = {
			isa = PBXGroup;
			children = (
				4B4743D02BEA4FA700DE5091 /* Direction.swift */,
				4B4743CE2BEA4AD500DE5091 /* Mars.swift */,
				4B47439B2BEA2DD700DE5091 /* MarsRover */,
				4B4743B22BEA2DD900DE5091 /* MarsRoverTests */,
				4B4743BC2BEA2DD900DE5091 /* MarsRoverUITests */,
				4B47439A2BEA2DD700DE5091 /* Products */,
			);
			sourceTree = "<group>";
		};
		4B47439A2BEA2DD700DE5091 /* Products */ = {
			isa = PBXGroup;
			children = (
				4B4743992BEA2DD700DE5091 /* MarsRover.app */,
				4B4743AF2BEA2DD900DE5091 /* MarsRoverTests.xctest */,
				4B4743B92BEA2DD900DE5091 /* MarsRoverUITests.xctest */,
			);
			name = Products;
			sourceTree = "<group>";
		};
		4B47439B2BEA2DD700DE5091 /* MarsRover */ = {
			isa = PBXGroup;
			children = (
				4B4743CC2BEA3BF600DE5091 /* MarsRover.swift */,
				4B47439C2BEA2DD700DE5091 /* AppDelegate.swift */,
				4B47439E2BEA2DD700DE5091 /* SceneDelegate.swift */,
				4B4743A02BEA2DD700DE5091 /* ViewController.swift */,
				4B4743A22BEA2DD700DE5091 /* Main.storyboard */,
				4B4743A52BEA2DD900DE5091 /* Assets.xcassets */,
				4B4743A72BEA2DD900DE5091 /* LaunchScreen.storyboard */,
				4B4743AA2BEA2DD900DE5091 /* Info.plist */,
			);
			path = MarsRover;
			sourceTree = "<group>";
		};
		4B4743B22BEA2DD900DE5091 /* MarsRoverTests */ = {
			isa = PBXGroup;
			children = (
				4B4743B32BEA2DD900DE5091 /* MarsRoverTests.swift */,
			);
			path = MarsRoverTests;
			sourceTree = "<group>";
		};
		4B4743BC2BEA2DD900DE5091 /* MarsRoverUITests */ = {
			isa = PBXGroup;
			children = (
				4B4743BD2BEA2DD900DE5091 /* MarsRoverUITests.swift */,
				4B4743BF2BEA2DD900DE5091 /* MarsRoverUITestsLaunchTests.swift */,
			);
			path = MarsRoverUITests;
			sourceTree = "<group>";
		};
/* End PBXGroup section */

/* Begin PBXNativeTarget section */
		4B4743982BEA2DD700DE5091 /* MarsRover */ = {
			isa = PBXNativeTarget;
			buildConfigurationList = 4B4743C32BEA2DD900DE5091 /* Build configuration list for PBXNativeTarget "MarsRover" */;
			buildPhases = (
				4B4743952BEA2DD700DE5091 /* Sources */,
				4B4743962BEA2DD700DE5091 /* Frameworks */,
				4B4743972BEA2DD700DE5091 /* Resources */,
			);
			buildRules = (
			);
			dependencies = (
			);
			name = MarsRover;
			productName = MarsRover;
			productReference = 4B4743992BEA2DD700DE5091 /* MarsRover.app */;
			productType = "com.apple.product-type.application";
		};
		4B4743AE2BEA2DD900DE5091 /* MarsRoverTests */ = {
			isa = PBXNativeTarget;
			buildConfigurationList = 4B4743C62BEA2DD900DE5091 /* Build configuration list for PBXNativeTarget "MarsRoverTests" */;
			buildPhases = (
				4B4743AB2BEA2DD900DE5091 /* Sources */,
				4B4743AC2BEA2DD900DE5091 /* Frameworks */,
				4B4743AD2BEA2DD900DE5091 /* Resources */,
			);
			buildRules = (
			);
			dependencies = (
				4B4743B12BEA2DD900DE5091 /* PBXTargetDependency */,
			);
			name = MarsRoverTests;
			productName = MarsRoverTests;
			productReference = 4B4743AF2BEA2DD900DE5091 /* MarsRoverTests.xctest */;
			productType = "com.apple.product-type.bundle.unit-test";
		};
		4B4743B82BEA2DD900DE5091 /* MarsRoverUITests */ = {
			isa = PBXNativeTarget;
			buildConfigurationList = 4B4743C92BEA2DD900DE5091 /* Build configuration list for PBXNativeTarget "MarsRoverUITests" */;
			buildPhases = (
				4B4743B52BEA2DD900DE5091 /* Sources */,
				4B4743B62BEA2DD900DE5091 /* Frameworks */,
				4B4743B72BEA2DD900DE5091 /* Resources */,
			);
			buildRules = (
			);
			dependencies = (
				4B4743BB2BEA2DD900DE5091 /* PBXTargetDependency */,
			);
			name = MarsRoverUITests;
			productName = MarsRoverUITests;
			productReference = 4B4743B92BEA2DD900DE5091 /* MarsRoverUITests.xctest */;
			productType = "com.apple.product-type.bundle.ui-testing";
		};
/* End PBXNativeTarget section */

/* Begin PBXProject section */
		4B4743912BEA2DD700DE5091 /* Project object */ = {
			isa = PBXProject;
			attributes = {
				BuildIndependentTargetsInParallel = 1;
				LastSwiftUpdateCheck = 1530;
				LastUpgradeCheck = 1530;
				TargetAttributes = {
					4B4743982BEA2DD700DE5091 = {
						CreatedOnToolsVersion = 15.3;
					};
					4B4743AE2BEA2DD900DE5091 = {
						CreatedOnToolsVersion = 15.3;
						TestTargetID = 4B4743982BEA2DD700DE5091;
					};
					4B4743B82BEA2DD900DE5091 = {
						CreatedOnToolsVersion = 15.3;
						TestTargetID = 4B4743982BEA2DD700DE5091;
					};
				};
			};
			buildConfigurationList = 4B4743942BEA2DD700DE5091 /* Build configuration list for PBXProject "MarsRover" */;
			compatibilityVersion = "Xcode 14.0";
			developmentRegion = en;
			hasScannedForEncodings = 0;
			knownRegions = (
				en,
				Base,
			);
			mainGroup = 4B4743902BEA2DD700DE5091;
			productRefGroup = 4B47439A2BEA2DD700DE5091 /* Products */;
			projectDirPath = "";
			projectRoot = "";
			targets = (
				4B4743982BEA2DD700DE5091 /* MarsRover */,
				4B4743AE2BEA2DD900DE5091 /* MarsRoverTests */,
				4B4743B82BEA2DD900DE5091 /* MarsRoverUITests */,
			);
		};
/* End PBXProject section */

/* Begin PBXResourcesBuildPhase section */
		4B4743972BEA2DD700DE5091 /* Resources */ = {
			isa = PBXResourcesBuildPhase;
			buildActionMask = 2147483647;
			files = (
				4B4743A62BEA2DD900DE5091 /* Assets.xcassets in Resources */,
				4B4743A92BEA2DD900DE5091 /* Base in Resources */,
				4B4743A42BEA2DD700DE5091 /* Base in Resources */,
			);
			runOnlyForDeploymentPostprocessing = 0;
		};
		4B4743AD2BEA2DD900DE5091 /* Resources */ = {
			isa = PBXResourcesBuildPhase;
			buildActionMask = 2147483647;
			files = (
			);
			runOnlyForDeploymentPostprocessing = 0;
		};
		4B4743B72BEA2DD900DE5091 /* Resources */ = {
			isa = PBXResourcesBuildPhase;
			buildActionMask = 2147483647;
			files = (
			);
			runOnlyForDeploymentPostprocessing = 0;
		};
/* End PBXResourcesBuildPhase section */

/* Begin PBXSourcesBuildPhase section */
		4B4743952BEA2DD700DE5091 /* Sources */ = {
			isa = PBXSourcesBuildPhase;
			buildActionMask = 2147483647;
			files = (
				4B4743A12BEA2DD700DE5091 /* ViewController.swift in Sources */,
				4B47439D2BEA2DD700DE5091 /* AppDelegate.swift in Sources */,
				4B47439F2BEA2DD700DE5091 /* SceneDelegate.swift in Sources */,
				4B4743CD2BEA3BF600DE5091 /* MarsRover.swift in Sources */,
				4B4743CF2BEA4AD600DE5091 /* Mars.swift in Sources */,
				4B4743D12BEA4FA700DE5091 /* Direction.swift in Sources */,
			);
			runOnlyForDeploymentPostprocessing = 0;
		};
		4B4743AB2BEA2DD900DE5091 /* Sources */ = {
			isa = PBXSourcesBuildPhase;
			buildActionMask = 2147483647;
			files = (
				4B4743B42BEA2DD900DE5091 /* MarsRoverTests.swift in Sources */,
			);
			runOnlyForDeploymentPostprocessing = 0;
		};
		4B4743B52BEA2DD900DE5091 /* Sources */ = {
			isa = PBXSourcesBuildPhase;
			buildActionMask = 2147483647;
			files = (
				4B4743C02BEA2DD900DE5091 /* MarsRoverUITestsLaunchTests.swift in Sources */,
				4B4743BE2BEA2DD900DE5091 /* MarsRoverUITests.swift in Sources */,
			);
			runOnlyForDeploymentPostprocessing = 0;
		};
/* End PBXSourcesBuildPhase section */

/* Begin PBXTargetDependency section */
		4B4743B12BEA2DD900DE5091 /* PBXTargetDependency */ = {
			isa = PBXTargetDependency;
			target = 4B4743982BEA2DD700DE5091 /* MarsRover */;
			targetProxy = 4B4743B02BEA2DD900DE5091 /* PBXContainerItemProxy */;
		};
		4B4743BB2BEA2DD900DE5091 /* PBXTargetDependency */ = {
			isa = PBXTargetDependency;
			target = 4B4743982BEA2DD700DE5091 /* MarsRover */;
			targetProxy = 4B4743BA2BEA2DD900DE5091 /* PBXContainerItemProxy */;
		};
/* End PBXTargetDependency section */

/* Begin PBXVariantGroup section */
		4B4743A22BEA2DD700DE5091 /* Main.storyboard */ = {
			isa = PBXVariantGroup;
			children = (
				4B4743A32BEA2DD700DE5091 /* Base */,
			);
			name = Main.storyboard;
			sourceTree = "<group>";
		};
		4B4743A72BEA2DD900DE5091 /* LaunchScreen.storyboard */ = {
			isa = PBXVariantGroup;
			children = (
				4B4743A82BEA2DD900DE5091 /* Base */,
			);
			name = LaunchScreen.storyboard;
			sourceTree = "<group>";
		};
/* End PBXVariantGroup section */

/* Begin XCBuildConfiguration section */
		4B4743C12BEA2DD900DE5091 /* Debug */ = {
			isa = XCBuildConfiguration;
			buildSettings = {
				ALWAYS_SEARCH_USER_PATHS = NO;
				ASSETCATALOG_COMPILER_GENERATE_SWIFT_ASSET_SYMBOL_EXTENSIONS = YES;
				CLANG_ANALYZER_NONNULL = YES;
				CLANG_ANALYZER_NUMBER_OBJECT_CONVERSION = YES_AGGRESSIVE;
				CLANG_CXX_LANGUAGE_STANDARD = "gnu++20";
				CLANG_ENABLE_MODULES = YES;
				CLANG_ENABLE_OBJC_ARC = YES;
				CLANG_ENABLE_OBJC_WEAK = YES;
				CLANG_WARN_BLOCK_CAPTURE_AUTORELEASING = YES;
				CLANG_WARN_BOOL_CONVERSION = YES;
				CLANG_WARN_COMMA = YES;
				CLANG_WARN_CONSTANT_CONVERSION = YES;
				CLANG_WARN_DEPRECATED_OBJC_IMPLEMENTATIONS = YES;
				CLANG_WARN_DIRECT_OBJC_ISA_USAGE = YES_ERROR;
				CLANG_WARN_DOCUMENTATION_COMMENTS = YES;
				CLANG_WARN_EMPTY_BODY = YES;
				CLANG_WARN_ENUM_CONVERSION = YES;
				CLANG_WARN_INFINITE_RECURSION = YES;
				CLANG_WARN_INT_CONVERSION = YES;
				CLANG_WARN_NON_LITERAL_NULL_CONVERSION = YES;
				CLANG_WARN_OBJC_IMPLICIT_RETAIN_SELF = YES;
				CLANG_WARN_OBJC_LITERAL_CONVERSION = YES;
				CLANG_WARN_OBJC_ROOT_CLASS = YES_ERROR;
				CLANG_WARN_QUOTED_INCLUDE_IN_FRAMEWORK_HEADER = YES;
				CLANG_WARN_RANGE_LOOP_ANALYSIS = YES;
				CLANG_WARN_STRICT_PROTOTYPES = YES;
				CLANG_WARN_SUSPICIOUS_MOVE = YES;
				CLANG_WARN_UNGUARDED_AVAILABILITY = YES_AGGRESSIVE;
				CLANG_WARN_UNREACHABLE_CODE = YES;
				CLANG_WARN__DUPLICATE_METHOD_MATCH = YES;
				COPY_PHASE_STRIP = NO;
				DEBUG_INFORMATION_FORMAT = dwarf;
				ENABLE_STRICT_OBJC_MSGSEND = YES;
				ENABLE_TESTABILITY = YES;
				ENABLE_USER_SCRIPT_SANDBOXING = YES;
				GCC_C_LANGUAGE_STANDARD = gnu17;
				GCC_DYNAMIC_NO_PIC = NO;
				GCC_NO_COMMON_BLOCKS = YES;
				GCC_OPTIMIZATION_LEVEL = 0;
				GCC_PREPROCESSOR_DEFINITIONS = (
					"DEBUG=1",
					"$(inherited)",
				);
				GCC_WARN_64_TO_32_BIT_CONVERSION = YES;
				GCC_WARN_ABOUT_RETURN_TYPE = YES_ERROR;
				GCC_WARN_UNDECLARED_SELECTOR = YES;
				GCC_WARN_UNINITIALIZED_AUTOS = YES_AGGRESSIVE;
				GCC_WARN_UNUSED_FUNCTION = YES;
				GCC_WARN_UNUSED_VARIABLE = YES;
				IPHONEOS_DEPLOYMENT_TARGET = 17.4;
				LOCALIZATION_PREFERS_STRING_CATALOGS = YES;
				MTL_ENABLE_DEBUG_INFO = INCLUDE_SOURCE;
				MTL_FAST_MATH = YES;
				ONLY_ACTIVE_ARCH = YES;
				SDKROOT = iphoneos;
				SWIFT_ACTIVE_COMPILATION_CONDITIONS = "DEBUG $(inherited)";
				SWIFT_OPTIMIZATION_LEVEL = "-Onone";
			};
			name = Debug;
		};
		4B4743C22BEA2DD900DE5091 /* Release */ = {
			isa = XCBuildConfiguration;
			buildSettings = {
				ALWAYS_SEARCH_USER_PATHS = NO;
				ASSETCATALOG_COMPILER_GENERATE_SWIFT_ASSET_SYMBOL_EXTENSIONS = YES;
				CLANG_ANALYZER_NONNULL = YES;
				CLANG_ANALYZER_NUMBER_OBJECT_CONVERSION = YES_AGGRESSIVE;
				CLANG_CXX_LANGUAGE_STANDARD = "gnu++20";
				CLANG_ENABLE_MODULES = YES;
				CLANG_ENABLE_OBJC_ARC = YES;
				CLANG_ENABLE_OBJC_WEAK = YES;
				CLANG_WARN_BLOCK_CAPTURE_AUTORELEASING = YES;
				CLANG_WARN_BOOL_CONVERSION = YES;
				CLANG_WARN_COMMA = YES;
				CLANG_WARN_CONSTANT_CONVERSION = YES;
				CLANG_WARN_DEPRECATED_OBJC_IMPLEMENTATIONS = YES;
				CLANG_WARN_DIRECT_OBJC_ISA_USAGE = YES_ERROR;
				CLANG_WARN_DOCUMENTATION_COMMENTS = YES;
				CLANG_WARN_EMPTY_BODY = YES;
				CLANG_WARN_ENUM_CONVERSION = YES;
				CLANG_WARN_INFINITE_RECURSION = YES;
				CLANG_WARN_INT_CONVERSION = YES;
				CLANG_WARN_NON_LITERAL_NULL_CONVERSION = YES;
				CLANG_WARN_OBJC_IMPLICIT_RETAIN_SELF = YES;
				CLANG_WARN_OBJC_LITERAL_CONVERSION = YES;
				CLANG_WARN_OBJC_ROOT_CLASS = YES_ERROR;
				CLANG_WARN_QUOTED_INCLUDE_IN_FRAMEWORK_HEADER = YES;
				CLANG_WARN_RANGE_LOOP_ANALYSIS = YES;
				CLANG_WARN_STRICT_PROTOTYPES = YES;
				CLANG_WARN_SUSPICIOUS_MOVE = YES;
				CLANG_WARN_UNGUARDED_AVAILABILITY = YES_AGGRESSIVE;
				CLANG_WARN_UNREACHABLE_CODE = YES;
				CLANG_WARN__DUPLICATE_METHOD_MATCH = YES;
				COPY_PHASE_STRIP = NO;
				DEBUG_INFORMATION_FORMAT = "dwarf-with-dsym";
				ENABLE_NS_ASSERTIONS = NO;
				ENABLE_STRICT_OBJC_MSGSEND = YES;
				ENABLE_USER_SCRIPT_SANDBOXING = YES;
				GCC_C_LANGUAGE_STANDARD = gnu17;
				GCC_NO_COMMON_BLOCKS = YES;
				GCC_WARN_64_TO_32_BIT_CONVERSION = YES;
				GCC_WARN_ABOUT_RETURN_TYPE = YES_ERROR;
				GCC_WARN_UNDECLARED_SELECTOR = YES;
				GCC_WARN_UNINITIALIZED_AUTOS = YES_AGGRESSIVE;
				GCC_WARN_UNUSED_FUNCTION = YES;
				GCC_WARN_UNUSED_VARIABLE = YES;
				IPHONEOS_DEPLOYMENT_TARGET = 17.4;
				LOCALIZATION_PREFERS_STRING_CATALOGS = YES;
				MTL_ENABLE_DEBUG_INFO = NO;
				MTL_FAST_MATH = YES;
				SDKROOT = iphoneos;
				SWIFT_COMPILATION_MODE = wholemodule;
				VALIDATE_PRODUCT = YES;
			};
			name = Release;
		};
		4B4743C42BEA2DD900DE5091 /* Debug */ = {
			isa = XCBuildConfiguration;
			buildSettings = {
				ASSETCATALOG_COMPILER_APPICON_NAME = AppIcon;
				ASSETCATALOG_COMPILER_GLOBAL_ACCENT_COLOR_NAME = AccentColor;
				CODE_SIGN_STYLE = Automatic;
				CURRENT_PROJECT_VERSION = 1;
				GENERATE_INFOPLIST_FILE = YES;
				INFOPLIST_FILE = MarsRover/Info.plist;
				INFOPLIST_KEY_UIApplicationSupportsIndirectInputEvents = YES;
				INFOPLIST_KEY_UILaunchStoryboardName = LaunchScreen;
				INFOPLIST_KEY_UIMainStoryboardFile = Main;
				INFOPLIST_KEY_UISupportedInterfaceOrientations_iPad = "UIInterfaceOrientationPortrait UIInterfaceOrientationPortraitUpsideDown UIInterfaceOrientationLandscapeLeft UIInterfaceOrientationLandscapeRight";
				INFOPLIST_KEY_UISupportedInterfaceOrientations_iPhone = "UIInterfaceOrientationPortrait UIInterfaceOrientationLandscapeLeft UIInterfaceOrientationLandscapeRight";
				LD_RUNPATH_SEARCH_PATHS = (
					"$(inherited)",
					"@executable_path/Frameworks",
				);
				MARKETING_VERSION = 1.0;
				PRODUCT_BUNDLE_IDENTIFIER = com.patricia.MarsRover;
				PRODUCT_NAME = "$(TARGET_NAME)";
				SWIFT_EMIT_LOC_STRINGS = YES;
				SWIFT_VERSION = 5.0;
				TARGETED_DEVICE_FAMILY = "1,2";
			};
			name = Debug;
		};
		4B4743C52BEA2DD900DE5091 /* Release */ = {
			isa = XCBuildConfiguration;
			buildSettings = {
				ASSETCATALOG_COMPILER_APPICON_NAME = AppIcon;
				ASSETCATALOG_COMPILER_GLOBAL_ACCENT_COLOR_NAME = AccentColor;
				CODE_SIGN_STYLE = Automatic;
				CURRENT_PROJECT_VERSION = 1;
				GENERATE_INFOPLIST_FILE = YES;
				INFOPLIST_FILE = MarsRover/Info.plist;
				INFOPLIST_KEY_UIApplicationSupportsIndirectInputEvents = YES;
				INFOPLIST_KEY_UILaunchStoryboardName = LaunchScreen;
				INFOPLIST_KEY_UIMainStoryboardFile = Main;
				INFOPLIST_KEY_UISupportedInterfaceOrientations_iPad = "UIInterfaceOrientationPortrait UIInterfaceOrientationPortraitUpsideDown UIInterfaceOrientationLandscapeLeft UIInterfaceOrientationLandscapeRight";
				INFOPLIST_KEY_UISupportedInterfaceOrientations_iPhone = "UIInterfaceOrientationPortrait UIInterfaceOrientationLandscapeLeft UIInterfaceOrientationLandscapeRight";
				LD_RUNPATH_SEARCH_PATHS = (
					"$(inherited)",
					"@executable_path/Frameworks",
				);
				MARKETING_VERSION = 1.0;
				PRODUCT_BUNDLE_IDENTIFIER = com.patricia.MarsRover;
				PRODUCT_NAME = "$(TARGET_NAME)";
				SWIFT_EMIT_LOC_STRINGS = YES;
				SWIFT_VERSION = 5.0;
				TARGETED_DEVICE_FAMILY = "1,2";
			};
			name = Release;
		};
		4B4743C72BEA2DD900DE5091 /* Debug */ = {
			isa = XCBuildConfiguration;
			buildSettings = {
				ALWAYS_EMBED_SWIFT_STANDARD_LIBRARIES = YES;
				BUNDLE_LOADER = "$(TEST_HOST)";
				CODE_SIGN_STYLE = Automatic;
				CURRENT_PROJECT_VERSION = 1;
				GENERATE_INFOPLIST_FILE = YES;
				IPHONEOS_DEPLOYMENT_TARGET = 17.4;
				MARKETING_VERSION = 1.0;
				PRODUCT_BUNDLE_IDENTIFIER = com.patricia.MarsRoverTests;
				PRODUCT_NAME = "$(TARGET_NAME)";
				SWIFT_EMIT_LOC_STRINGS = NO;
				SWIFT_VERSION = 5.0;
				TARGETED_DEVICE_FAMILY = "1,2";
				TEST_HOST = "$(BUILT_PRODUCTS_DIR)/MarsRover.app/$(BUNDLE_EXECUTABLE_FOLDER_PATH)/MarsRover";
			};
			name = Debug;
		};
		4B4743C82BEA2DD900DE5091 /* Release */ = {
			isa = XCBuildConfiguration;
			buildSettings = {
				ALWAYS_EMBED_SWIFT_STANDARD_LIBRARIES = YES;
				BUNDLE_LOADER = "$(TEST_HOST)";
				CODE_SIGN_STYLE = Automatic;
				CURRENT_PROJECT_VERSION = 1;
				GENERATE_INFOPLIST_FILE = YES;
				IPHONEOS_DEPLOYMENT_TARGET = 17.4;
				MARKETING_VERSION = 1.0;
				PRODUCT_BUNDLE_IDENTIFIER = com.patricia.MarsRoverTests;
				PRODUCT_NAME = "$(TARGET_NAME)";
				SWIFT_EMIT_LOC_STRINGS = NO;
				SWIFT_VERSION = 5.0;
				TARGETED_DEVICE_FAMILY = "1,2";
				TEST_HOST = "$(BUILT_PRODUCTS_DIR)/MarsRover.app/$(BUNDLE_EXECUTABLE_FOLDER_PATH)/MarsRover";
			};
			name = Release;
		};
		4B4743CA2BEA2DD900DE5091 /* Debug */ = {
			isa = XCBuildConfiguration;
			buildSettings = {
				ALWAYS_EMBED_SWIFT_STANDARD_LIBRARIES = YES;
				CODE_SIGN_STYLE = Automatic;
				CURRENT_PROJECT_VERSION = 1;
				GENERATE_INFOPLIST_FILE = YES;
				MARKETING_VERSION = 1.0;
				PRODUCT_BUNDLE_IDENTIFIER = com.patricia.MarsRoverUITests;
				PRODUCT_NAME = "$(TARGET_NAME)";
				SWIFT_EMIT_LOC_STRINGS = NO;
				SWIFT_VERSION = 5.0;
				TARGETED_DEVICE_FAMILY = "1,2";
				TEST_TARGET_NAME = MarsRover;
			};
			name = Debug;
		};
		4B4743CB2BEA2DD900DE5091 /* Release */ = {
			isa = XCBuildConfiguration;
			buildSettings = {
				ALWAYS_EMBED_SWIFT_STANDARD_LIBRARIES = YES;
				CODE_SIGN_STYLE = Automatic;
				CURRENT_PROJECT_VERSION = 1;
				GENERATE_INFOPLIST_FILE = YES;
				MARKETING_VERSION = 1.0;
				PRODUCT_BUNDLE_IDENTIFIER = com.patricia.MarsRoverUITests;
				PRODUCT_NAME = "$(TARGET_NAME)";
				SWIFT_EMIT_LOC_STRINGS = NO;
				SWIFT_VERSION = 5.0;
				TARGETED_DEVICE_FAMILY = "1,2";
				TEST_TARGET_NAME = MarsRover;
			};
			name = Release;
		};
/* End XCBuildConfiguration section */

/* Begin XCConfigurationList section */
		4B4743942BEA2DD700DE5091 /* Build configuration list for PBXProject "MarsRover" */ = {
			isa = XCConfigurationList;
			buildConfigurations = (
				4B4743C12BEA2DD900DE5091 /* Debug */,
				4B4743C22BEA2DD900DE5091 /* Release */,
			);
			defaultConfigurationIsVisible = 0;
			defaultConfigurationName = Release;
		};
		4B4743C32BEA2DD900DE5091 /* Build configuration list for PBXNativeTarget "MarsRover" */ = {
			isa = XCConfigurationList;
			buildConfigurations = (
				4B4743C42BEA2DD900DE5091 /* Debug */,
				4B4743C52BEA2DD900DE5091 /* Release */,
			);
			defaultConfigurationIsVisible = 0;
			defaultConfigurationName = Release;
		};
		4B4743C62BEA2DD900DE5091 /* Build configuration list for PBXNativeTarget "MarsRoverTests" */ = {
			isa = XCConfigurationList;
			buildConfigurations = (
				4B4743C72BEA2DD900DE5091 /* Debug */,
				4B4743C82BEA2DD900DE5091 /* Release */,
			);
			defaultConfigurationIsVisible = 0;
			defaultConfigurationName = Release;
		};
		4B4743C92BEA2DD900DE5091 /* Build configuration list for PBXNativeTarget "MarsRoverUITests" */ = {
			isa = XCConfigurationList;
			buildConfigurations = (
				4B4743CA2BEA2DD900DE5091 /* Debug */,
				4B4743CB2BEA2DD900DE5091 /* Release */,
			);
			defaultConfigurationIsVisible = 0;
			defaultConfigurationName = Release;
		};
/* End XCConfigurationList section */
	};
	rootObject = 4B4743912BEA2DD700DE5091 /* Project object */;
}
